
Microsoft Visual Studio Solution File, Format Version 12.00
# Visual Studio Version 17
VisualStudioVersion = 17.2.32630.192
MinimumVisualStudioVersion = 10.0.40219.1
Project("{FAE04EC0-301F-11D3-BF4B-00C04F79EFBC}") = "ConsoleApp_BankAccountProblem", "ConsoleApp_BankAccountProblem.csproj", "{9961D43C-8055-46D7-A75B-2412436C5966}"
EndProject
Global
	GlobalSection(SolutionConfigurationPlatforms) = preSolution
		Debug|Any CPU = Debug|Any CPU
		Release|Any CPU = Release|Any CPU
	EndGlobalSection
	GlobalSection(ProjectConfigurationPlatforms) = postSolution
		{9961D43C-8055-46D7-A75B-2412436C5966}.Debug|Any CPU.ActiveCfg = Debug|Any CPU
		{9961D43C-8055-46D7-A75B-2412436C5966}.Debug|Any CPU.Build.0 = Debug|Any CPU
		{9961D43C-8055-46D7-A75B-2412436C5966}.Release|Any CPU.ActiveCfg = Release|Any CPU
		{9961D43C-8055-46D7-A75B-2412436C5966}.Release|Any CPU.Build.0 = Release|Any CPU
	EndGlobalSection
	GlobalSection(SolutionProperties) = preSolution
		HideSolutionNode = FALSE
	EndGlobalSection
	GlobalSection(ExtensibilityGlobals) = postSolution
		SolutionGuid = {7DEC6E50-AAE6-4A2D-834A-F8F656A4E988}
	EndGlobalSection
EndGlobal
