
Microsoft Visual Studio Solution File, Format Version 12.00
# Visual Studio Version 17
VisualStudioVersion = 17.2.32630.192
MinimumVisualStudioVersion = 10.0.40219.1
Project("{FAE04EC0-301F-11D3-BF4B-00C04F79EFBC}") = "ConsoleApp_TaskExceptionHandling", "ConsoleApp_TaskExceptionHandling\ConsoleApp_TaskExceptionHandling.csproj", "{4CA7C96E-3F78-4489-BE48-309A7161B75D}"
EndProject
Global
	GlobalSection(SolutionConfigurationPlatforms) = preSolution
		Debug|Any CPU = Debug|Any CPU
		Release|Any CPU = Release|Any CPU
	EndGlobalSection
	GlobalSection(ProjectConfigurationPlatforms) = postSolution
		{4CA7C96E-3F78-4489-BE48-309A7161B75D}.Debug|Any CPU.ActiveCfg = Debug|Any CPU
		{4CA7C96E-3F78-4489-BE48-309A7161B75D}.Debug|Any CPU.Build.0 = Debug|Any CPU
		{4CA7C96E-3F78-4489-BE48-309A7161B75D}.Release|Any CPU.ActiveCfg = Release|Any CPU
		{4CA7C96E-3F78-4489-BE48-309A7161B75D}.Release|Any CPU.Build.0 = Release|Any CPU
	EndGlobalSection
	GlobalSection(SolutionProperties) = preSolution
		HideSolutionNode = FALSE
	EndGlobalSection
	GlobalSection(ExtensibilityGlobals) = postSolution
		SolutionGuid = {75D5BCBA-95B0-47E5-B10D-289EDA6E6E9A}
	EndGlobalSection
EndGlobal
