
Microsoft Visual Studio Solution File, Format Version 12.00
# Visual Studio Version 17
VisualStudioVersion = 17.2.32630.192
MinimumVisualStudioVersion = 10.0.40219.1
Project("{FAE04EC0-301F-11D3-BF4B-00C04F79EFBC}") = "ConsoleApp_ReaderWriterLock", "ConsoleApp_ReaderWriterLock.csproj", "{A736242B-0B91-4D63-9A70-37DE54F421CD}"
EndProject
Global
	GlobalSection(SolutionConfigurationPlatforms) = preSolution
		Debug|Any CPU = Debug|Any CPU
		Release|Any CPU = Release|Any CPU
	EndGlobalSection
	GlobalSection(ProjectConfigurationPlatforms) = postSolution
		{A736242B-0B91-4D63-9A70-37DE54F421CD}.Debug|Any CPU.ActiveCfg = Debug|Any CPU
		{A736242B-0B91-4D63-9A70-37DE54F421CD}.Debug|Any CPU.Build.0 = Debug|Any CPU
		{A736242B-0B91-4D63-9A70-37DE54F421CD}.Release|Any CPU.ActiveCfg = Release|Any CPU
		{A736242B-0B91-4D63-9A70-37DE54F421CD}.Release|Any CPU.Build.0 = Release|Any CPU
	EndGlobalSection
	GlobalSection(SolutionProperties) = preSolution
		HideSolutionNode = FALSE
	EndGlobalSection
	GlobalSection(ExtensibilityGlobals) = postSolution
		SolutionGuid = {F2023B3D-BE6A-41E3-9BB2-F6D731B772E6}
	EndGlobalSection
EndGlobal
