
Microsoft Visual Studio Solution File, Format Version 12.00
# Visual Studio Version 17
VisualStudioVersion = 17.2.32630.192
MinimumVisualStudioVersion = 10.0.40219.1
Project("{FAE04EC0-301F-11D3-BF4B-00C04F79EFBC}") = "ConsoleApp_Polymoprhism_1", "ConsoleApp_Polymoprhism_1.csproj", "{3C73F705-14BD-4EB1-8BFD-8B91BEC6A68B}"
EndProject
Global
	GlobalSection(SolutionConfigurationPlatforms) = preSolution
		Debug|Any CPU = Debug|Any CPU
		Release|Any CPU = Release|Any CPU
	EndGlobalSection
	GlobalSection(ProjectConfigurationPlatforms) = postSolution
		{3C73F705-14BD-4EB1-8BFD-8B91BEC6A68B}.Debug|Any CPU.ActiveCfg = Debug|Any CPU
		{3C73F705-14BD-4EB1-8BFD-8B91BEC6A68B}.Debug|Any CPU.Build.0 = Debug|Any CPU
		{3C73F705-14BD-4EB1-8BFD-8B91BEC6A68B}.Release|Any CPU.ActiveCfg = Release|Any CPU
		{3C73F705-14BD-4EB1-8BFD-8B91BEC6A68B}.Release|Any CPU.Build.0 = Release|Any CPU
	EndGlobalSection
	GlobalSection(SolutionProperties) = preSolution
		HideSolutionNode = FALSE
	EndGlobalSection
	GlobalSection(ExtensibilityGlobals) = postSolution
		SolutionGuid = {3AAF8FA1-DFD1-4ADF-BAC5-C141654E642E}
	EndGlobalSection
EndGlobal
