
Microsoft Visual Studio Solution File, Format Version 12.00
# Visual Studio Version 17
VisualStudioVersion = 17.2.32630.192
MinimumVisualStudioVersion = 10.0.40219.1
Project("{FAE04EC0-301F-11D3-BF4B-00C04F79EFBC}") = "ConsoleApp_Reflection_2", "ConsoleApp_Reflection_2.csproj", "{525BF7D0-354E-49B7-A0E2-BD9105520CBD}"
EndProject
Global
	GlobalSection(SolutionConfigurationPlatforms) = preSolution
		Debug|Any CPU = Debug|Any CPU
		Release|Any CPU = Release|Any CPU
	EndGlobalSection
	GlobalSection(ProjectConfigurationPlatforms) = postSolution
		{525BF7D0-354E-49B7-A0E2-BD9105520CBD}.Debug|Any CPU.ActiveCfg = Debug|Any CPU
		{525BF7D0-354E-49B7-A0E2-BD9105520CBD}.Debug|Any CPU.Build.0 = Debug|Any CPU
		{525BF7D0-354E-49B7-A0E2-BD9105520CBD}.Release|Any CPU.ActiveCfg = Release|Any CPU
		{525BF7D0-354E-49B7-A0E2-BD9105520CBD}.Release|Any CPU.Build.0 = Release|Any CPU
	EndGlobalSection
	GlobalSection(SolutionProperties) = preSolution
		HideSolutionNode = FALSE
	EndGlobalSection
	GlobalSection(ExtensibilityGlobals) = postSolution
		SolutionGuid = {62FA2839-2B96-464B-BE2E-B3505D136BD8}
	EndGlobalSection
EndGlobal
