
Microsoft Visual Studio Solution File, Format Version 12.00
# Visual Studio Version 17
VisualStudioVersion = 17.2.32630.192
MinimumVisualStudioVersion = 10.0.40219.1
Project("{FAE04EC0-301F-11D3-BF4B-00C04F79EFBC}") = "ConsoleApp_ConcurrentStack_1", "ConsoleApp_ConcurrentStack_1.csproj", "{5E57C261-0F24-4C4D-B1BE-039B184D6BAD}"
EndProject
Global
	GlobalSection(SolutionConfigurationPlatforms) = preSolution
		Debug|Any CPU = Debug|Any CPU
		Release|Any CPU = Release|Any CPU
	EndGlobalSection
	GlobalSection(ProjectConfigurationPlatforms) = postSolution
		{5E57C261-0F24-4C4D-B1BE-039B184D6BAD}.Debug|Any CPU.ActiveCfg = Debug|Any CPU
		{5E57C261-0F24-4C4D-B1BE-039B184D6BAD}.Debug|Any CPU.Build.0 = Debug|Any CPU
		{5E57C261-0F24-4C4D-B1BE-039B184D6BAD}.Release|Any CPU.ActiveCfg = Release|Any CPU
		{5E57C261-0F24-4C4D-B1BE-039B184D6BAD}.Release|Any CPU.Build.0 = Release|Any CPU
	EndGlobalSection
	GlobalSection(SolutionProperties) = preSolution
		HideSolutionNode = FALSE
	EndGlobalSection
	GlobalSection(ExtensibilityGlobals) = postSolution
		SolutionGuid = {E2D30133-CAA1-4C69-BE01-D95D2C2BA456}
	EndGlobalSection
EndGlobal
