
Microsoft Visual Studio Solution File, Format Version 12.00
# Visual Studio Version 17
VisualStudioVersion = 17.2.32630.192
MinimumVisualStudioVersion = 10.0.40219.1
Project("{FAE04EC0-301F-11D3-BF4B-00C04F79EFBC}") = "ConsoleApp_Events_1", "ConsoleApp_Events_1\ConsoleApp_Events_1.csproj", "{D44983B7-AEE9-4B1B-AC0C-308542EAEAF6}"
EndProject
Global
	GlobalSection(SolutionConfigurationPlatforms) = preSolution
		Debug|Any CPU = Debug|Any CPU
		Release|Any CPU = Release|Any CPU
	EndGlobalSection
	GlobalSection(ProjectConfigurationPlatforms) = postSolution
		{D44983B7-AEE9-4B1B-AC0C-308542EAEAF6}.Debug|Any CPU.ActiveCfg = Debug|Any CPU
		{D44983B7-AEE9-4B1B-AC0C-308542EAEAF6}.Debug|Any CPU.Build.0 = Debug|Any CPU
		{D44983B7-AEE9-4B1B-AC0C-308542EAEAF6}.Release|Any CPU.ActiveCfg = Release|Any CPU
		{D44983B7-AEE9-4B1B-AC0C-308542EAEAF6}.Release|Any CPU.Build.0 = Release|Any CPU
	EndGlobalSection
	GlobalSection(SolutionProperties) = preSolution
		HideSolutionNode = FALSE
	EndGlobalSection
	GlobalSection(ExtensibilityGlobals) = postSolution
		SolutionGuid = {2808559C-6AB6-4A88-BD4F-E0156DBE09BD}
	EndGlobalSection
EndGlobal
