
Microsoft Visual Studio Solution File, Format Version 12.00
# Visual Studio Version 17
VisualStudioVersion = 17.2.32630.192
MinimumVisualStudioVersion = 10.0.40219.1
Project("{FAE04EC0-301F-11D3-BF4B-00C04F79EFBC}") = "ConsoleApp_ConcurrentQueue_3", "ConsoleApp_ConcurrentQueue_3.csproj", "{60EEB3AD-9116-471F-BD6C-9CB0A3AC28BB}"
EndProject
Global
	GlobalSection(SolutionConfigurationPlatforms) = preSolution
		Debug|Any CPU = Debug|Any CPU
		Release|Any CPU = Release|Any CPU
	EndGlobalSection
	GlobalSection(ProjectConfigurationPlatforms) = postSolution
		{60EEB3AD-9116-471F-BD6C-9CB0A3AC28BB}.Debug|Any CPU.ActiveCfg = Debug|Any CPU
		{60EEB3AD-9116-471F-BD6C-9CB0A3AC28BB}.Debug|Any CPU.Build.0 = Debug|Any CPU
		{60EEB3AD-9116-471F-BD6C-9CB0A3AC28BB}.Release|Any CPU.ActiveCfg = Release|Any CPU
		{60EEB3AD-9116-471F-BD6C-9CB0A3AC28BB}.Release|Any CPU.Build.0 = Release|Any CPU
	EndGlobalSection
	GlobalSection(SolutionProperties) = preSolution
		HideSolutionNode = FALSE
	EndGlobalSection
	GlobalSection(ExtensibilityGlobals) = postSolution
		SolutionGuid = {26E527AC-C8DA-46D5-9879-635F9D9D68EE}
	EndGlobalSection
EndGlobal
